
Microsoft Visual Studio Solution File, Format Version 12.00
# Visual Studio Version 17
VisualStudioVersion = 17.0.31903.59
MinimumVisualStudioVersion = 10.0.40219.1
Project("{2150E333-8FDC-42A3-9474-1A3956D46DE8}") = "src", "src", "{827E0CD3-B72D-47B6-A68D-7590B98EB39B}"
EndProject
Project("{FAE04EC0-301F-11D3-BF4B-00C04F79EFBC}") = "ImageGallery.Domain", "src\ImageGallery.Domain\ImageGallery.Domain.csproj", "{BAB37711-D9AD-49C2-8BB5-CCB22ABD2D25}"
EndProject
Project("{FAE04EC0-301F-11D3-BF4B-00C04F79EFBC}") = "ImageGallery.Contracts", "src\ImageGallery.Contracts\ImageGallery.Contracts.csproj", "{B9044CB1-4186-4D9B-ACF2-56A8FB16BAE8}"
EndProject
Project("{FAE04EC0-301F-11D3-BF4B-00C04F79EFBC}") = "ImageGallery.Infrastructure", "src\ImageGallery.Infrastructure\ImageGallery.Infrastructure.csproj", "{B3BC3116-6641-405D-8191-F4E7FCFB253B}"
EndProject
Project("{FAE04EC0-301F-11D3-BF4B-00C04F79EFBC}") = "ImageGallery.Application", "src\ImageGallery.Application\ImageGallery.Application.csproj", "{1EBEA80B-2641-4F9F-BE3A-4E634A17EE04}"
EndProject
Project("{FAE04EC0-301F-11D3-BF4B-00C04F79EFBC}") = "ImageGallery.API", "src\ImageGallery.API\ImageGallery.API.csproj", "{CD99780E-C0B6-4F2D-95A7-5BB5BC8F323A}"
EndProject
Project("{FAE04EC0-301F-11D3-BF4B-00C04F79EFBC}") = "ImageGallery.Client", "src\ImageGallery.Client\ImageGallery.Client.csproj", "{248DBC11-4739-4757-ADD1-22B68C399847}"
EndProject
Project("{FAE04EC0-301F-11D3-BF4B-00C04F79EFBC}") = "ImageGallery.Web.App", "src\ImageGallery.Web.App\ImageGallery.Web.App.csproj", "{9869D2B3-C8E1-4FB6-AA1D-FFCF09C8DC71}"
EndProject
Project("{FAE04EC0-301F-11D3-BF4B-00C04F79EFBC}") = "ImageGallery.Web", "src\ImageGallery.Web\ImageGallery.Web.csproj", "{BDAE1E68-A2AD-4F20-AE51-492AC750903D}"
EndProject
Global
	GlobalSection(SolutionConfigurationPlatforms) = preSolution
		Debug|Any CPU = Debug|Any CPU
		Debug|x64 = Debug|x64
		Debug|x86 = Debug|x86
		Release|Any CPU = Release|Any CPU
		Release|x64 = Release|x64
		Release|x86 = Release|x86
	EndGlobalSection
	GlobalSection(ProjectConfigurationPlatforms) = postSolution
		{BAB37711-D9AD-49C2-8BB5-CCB22ABD2D25}.Debug|Any CPU.ActiveCfg = Debug|Any CPU
		{BAB37711-D9AD-49C2-8BB5-CCB22ABD2D25}.Debug|Any CPU.Build.0 = Debug|Any CPU
		{BAB37711-D9AD-49C2-8BB5-CCB22ABD2D25}.Debug|x64.ActiveCfg = Debug|Any CPU
		{BAB37711-D9AD-49C2-8BB5-CCB22ABD2D25}.Debug|x64.Build.0 = Debug|Any CPU
		{BAB37711-D9AD-49C2-8BB5-CCB22ABD2D25}.Debug|x86.ActiveCfg = Debug|Any CPU
		{BAB37711-D9AD-49C2-8BB5-CCB22ABD2D25}.Debug|x86.Build.0 = Debug|Any CPU
		{BAB37711-D9AD-49C2-8BB5-CCB22ABD2D25}.Release|Any CPU.ActiveCfg = Release|Any CPU
		{BAB37711-D9AD-49C2-8BB5-CCB22ABD2D25}.Release|Any CPU.Build.0 = Release|Any CPU
		{BAB37711-D9AD-49C2-8BB5-CCB22ABD2D25}.Release|x64.ActiveCfg = Release|Any CPU
		{BAB37711-D9AD-49C2-8BB5-CCB22ABD2D25}.Release|x64.Build.0 = Release|Any CPU
		{BAB37711-D9AD-49C2-8BB5-CCB22ABD2D25}.Release|x86.ActiveCfg = Release|Any CPU
		{BAB37711-D9AD-49C2-8BB5-CCB22ABD2D25}.Release|x86.Build.0 = Release|Any CPU
		{B9044CB1-4186-4D9B-ACF2-56A8FB16BAE8}.Debug|Any CPU.ActiveCfg = Debug|Any CPU
		{B9044CB1-4186-4D9B-ACF2-56A8FB16BAE8}.Debug|Any CPU.Build.0 = Debug|Any CPU
		{B9044CB1-4186-4D9B-ACF2-56A8FB16BAE8}.Debug|x64.ActiveCfg = Debug|Any CPU
		{B9044CB1-4186-4D9B-ACF2-56A8FB16BAE8}.Debug|x64.Build.0 = Debug|Any CPU
		{B9044CB1-4186-4D9B-ACF2-56A8FB16BAE8}.Debug|x86.ActiveCfg = Debug|Any CPU
		{B9044CB1-4186-4D9B-ACF2-56A8FB16BAE8}.Debug|x86.Build.0 = Debug|Any CPU
		{B9044CB1-4186-4D9B-ACF2-56A8FB16BAE8}.Release|Any CPU.ActiveCfg = Release|Any CPU
		{B9044CB1-4186-4D9B-ACF2-56A8FB16BAE8}.Release|Any CPU.Build.0 = Release|Any CPU
		{B9044CB1-4186-4D9B-ACF2-56A8FB16BAE8}.Release|x64.ActiveCfg = Release|Any CPU
		{B9044CB1-4186-4D9B-ACF2-56A8FB16BAE8}.Release|x64.Build.0 = Release|Any CPU
		{B9044CB1-4186-4D9B-ACF2-56A8FB16BAE8}.Release|x86.ActiveCfg = Release|Any CPU
		{B9044CB1-4186-4D9B-ACF2-56A8FB16BAE8}.Release|x86.Build.0 = Release|Any CPU
		{B3BC3116-6641-405D-8191-F4E7FCFB253B}.Debug|Any CPU.ActiveCfg = Debug|Any CPU
		{B3BC3116-6641-405D-8191-F4E7FCFB253B}.Debug|Any CPU.Build.0 = Debug|Any CPU
		{B3BC3116-6641-405D-8191-F4E7FCFB253B}.Debug|x64.ActiveCfg = Debug|Any CPU
		{B3BC3116-6641-405D-8191-F4E7FCFB253B}.Debug|x64.Build.0 = Debug|Any CPU
		{B3BC3116-6641-405D-8191-F4E7FCFB253B}.Debug|x86.ActiveCfg = Debug|Any CPU
		{B3BC3116-6641-405D-8191-F4E7FCFB253B}.Debug|x86.Build.0 = Debug|Any CPU
		{B3BC3116-6641-405D-8191-F4E7FCFB253B}.Release|Any CPU.ActiveCfg = Release|Any CPU
		{B3BC3116-6641-405D-8191-F4E7FCFB253B}.Release|Any CPU.Build.0 = Release|Any CPU
		{B3BC3116-6641-405D-8191-F4E7FCFB253B}.Release|x64.ActiveCfg = Release|Any CPU
		{B3BC3116-6641-405D-8191-F4E7FCFB253B}.Release|x64.Build.0 = Release|Any CPU
		{B3BC3116-6641-405D-8191-F4E7FCFB253B}.Release|x86.ActiveCfg = Release|Any CPU
		{B3BC3116-6641-405D-8191-F4E7FCFB253B}.Release|x86.Build.0 = Release|Any CPU
		{1EBEA80B-2641-4F9F-BE3A-4E634A17EE04}.Debug|Any CPU.ActiveCfg = Debug|Any CPU
		{1EBEA80B-2641-4F9F-BE3A-4E634A17EE04}.Debug|Any CPU.Build.0 = Debug|Any CPU
		{1EBEA80B-2641-4F9F-BE3A-4E634A17EE04}.Debug|x64.ActiveCfg = Debug|Any CPU
		{1EBEA80B-2641-4F9F-BE3A-4E634A17EE04}.Debug|x64.Build.0 = Debug|Any CPU
		{1EBEA80B-2641-4F9F-BE3A-4E634A17EE04}.Debug|x86.ActiveCfg = Debug|Any CPU
		{1EBEA80B-2641-4F9F-BE3A-4E634A17EE04}.Debug|x86.Build.0 = Debug|Any CPU
		{1EBEA80B-2641-4F9F-BE3A-4E634A17EE04}.Release|Any CPU.ActiveCfg = Release|Any CPU
		{1EBEA80B-2641-4F9F-BE3A-4E634A17EE04}.Release|Any CPU.Build.0 = Release|Any CPU
		{1EBEA80B-2641-4F9F-BE3A-4E634A17EE04}.Release|x64.ActiveCfg = Release|Any CPU
		{1EBEA80B-2641-4F9F-BE3A-4E634A17EE04}.Release|x64.Build.0 = Release|Any CPU
		{1EBEA80B-2641-4F9F-BE3A-4E634A17EE04}.Release|x86.ActiveCfg = Release|Any CPU
		{1EBEA80B-2641-4F9F-BE3A-4E634A17EE04}.Release|x86.Build.0 = Release|Any CPU
		{CD99780E-C0B6-4F2D-95A7-5BB5BC8F323A}.Debug|Any CPU.ActiveCfg = Debug|Any CPU
		{CD99780E-C0B6-4F2D-95A7-5BB5BC8F323A}.Debug|Any CPU.Build.0 = Debug|Any CPU
		{CD99780E-C0B6-4F2D-95A7-5BB5BC8F323A}.Debug|x64.ActiveCfg = Debug|Any CPU
		{CD99780E-C0B6-4F2D-95A7-5BB5BC8F323A}.Debug|x64.Build.0 = Debug|Any CPU
		{CD99780E-C0B6-4F2D-95A7-5BB5BC8F323A}.Debug|x86.ActiveCfg = Debug|Any CPU
		{CD99780E-C0B6-4F2D-95A7-5BB5BC8F323A}.Debug|x86.Build.0 = Debug|Any CPU
		{CD99780E-C0B6-4F2D-95A7-5BB5BC8F323A}.Release|Any CPU.ActiveCfg = Release|Any CPU
		{CD99780E-C0B6-4F2D-95A7-5BB5BC8F323A}.Release|Any CPU.Build.0 = Release|Any CPU
		{CD99780E-C0B6-4F2D-95A7-5BB5BC8F323A}.Release|x64.ActiveCfg = Release|Any CPU
		{CD99780E-C0B6-4F2D-95A7-5BB5BC8F323A}.Release|x64.Build.0 = Release|Any CPU
		{CD99780E-C0B6-4F2D-95A7-5BB5BC8F323A}.Release|x86.ActiveCfg = Release|Any CPU
		{CD99780E-C0B6-4F2D-95A7-5BB5BC8F323A}.Release|x86.Build.0 = Release|Any CPU
		{248DBC11-4739-4757-ADD1-22B68C399847}.Debug|Any CPU.ActiveCfg = Debug|Any CPU
		{248DBC11-4739-4757-ADD1-22B68C399847}.Debug|Any CPU.Build.0 = Debug|Any CPU
		{248DBC11-4739-4757-ADD1-22B68C399847}.Debug|x64.ActiveCfg = Debug|Any CPU
		{248DBC11-4739-4757-ADD1-22B68C399847}.Debug|x64.Build.0 = Debug|Any CPU
		{248DBC11-4739-4757-ADD1-22B68C399847}.Debug|x86.ActiveCfg = Debug|Any CPU
		{248DBC11-4739-4757-ADD1-22B68C399847}.Debug|x86.Build.0 = Debug|Any CPU
		{248DBC11-4739-4757-ADD1-22B68C399847}.Release|Any CPU.ActiveCfg = Release|Any CPU
		{248DBC11-4739-4757-ADD1-22B68C399847}.Release|Any CPU.Build.0 = Release|Any CPU
		{248DBC11-4739-4757-ADD1-22B68C399847}.Release|x64.ActiveCfg = Release|Any CPU
		{248DBC11-4739-4757-ADD1-22B68C399847}.Release|x64.Build.0 = Release|Any CPU
		{248DBC11-4739-4757-ADD1-22B68C399847}.Release|x86.ActiveCfg = Release|Any CPU
		{248DBC11-4739-4757-ADD1-22B68C399847}.Release|x86.Build.0 = Release|Any CPU
		{9869D2B3-C8E1-4FB6-AA1D-FFCF09C8DC71}.Debug|Any CPU.ActiveCfg = Debug|Any CPU
		{9869D2B3-C8E1-4FB6-AA1D-FFCF09C8DC71}.Debug|Any CPU.Build.0 = Debug|Any CPU
		{9869D2B3-C8E1-4FB6-AA1D-FFCF09C8DC71}.Debug|x64.ActiveCfg = Debug|Any CPU
		{9869D2B3-C8E1-4FB6-AA1D-FFCF09C8DC71}.Debug|x64.Build.0 = Debug|Any CPU
		{9869D2B3-C8E1-4FB6-AA1D-FFCF09C8DC71}.Debug|x86.ActiveCfg = Debug|Any CPU
		{9869D2B3-C8E1-4FB6-AA1D-FFCF09C8DC71}.Debug|x86.Build.0 = Debug|Any CPU
		{9869D2B3-C8E1-4FB6-AA1D-FFCF09C8DC71}.Release|Any CPU.ActiveCfg = Release|Any CPU
		{9869D2B3-C8E1-4FB6-AA1D-FFCF09C8DC71}.Release|Any CPU.Build.0 = Release|Any CPU
		{9869D2B3-C8E1-4FB6-AA1D-FFCF09C8DC71}.Release|x64.ActiveCfg = Release|Any CPU
		{9869D2B3-C8E1-4FB6-AA1D-FFCF09C8DC71}.Release|x64.Build.0 = Release|Any CPU
		{9869D2B3-C8E1-4FB6-AA1D-FFCF09C8DC71}.Release|x86.ActiveCfg = Release|Any CPU
		{9869D2B3-C8E1-4FB6-AA1D-FFCF09C8DC71}.Release|x86.Build.0 = Release|Any CPU
		{BDAE1E68-A2AD-4F20-AE51-492AC750903D}.Debug|Any CPU.ActiveCfg = Debug|Any CPU
		{BDAE1E68-A2AD-4F20-AE51-492AC750903D}.Debug|Any CPU.Build.0 = Debug|Any CPU
		{BDAE1E68-A2AD-4F20-AE51-492AC750903D}.Debug|x64.ActiveCfg = Debug|Any CPU
		{BDAE1E68-A2AD-4F20-AE51-492AC750903D}.Debug|x64.Build.0 = Debug|Any CPU
		{BDAE1E68-A2AD-4F20-AE51-492AC750903D}.Debug|x86.ActiveCfg = Debug|Any CPU
		{BDAE1E68-A2AD-4F20-AE51-492AC750903D}.Debug|x86.Build.0 = Debug|Any CPU
		{BDAE1E68-A2AD-4F20-AE51-492AC750903D}.Release|Any CPU.ActiveCfg = Release|Any CPU
		{BDAE1E68-A2AD-4F20-AE51-492AC750903D}.Release|Any CPU.Build.0 = Release|Any CPU
		{BDAE1E68-A2AD-4F20-AE51-492AC750903D}.Release|x64.ActiveCfg = Release|Any CPU
		{BDAE1E68-A2AD-4F20-AE51-492AC750903D}.Release|x64.Build.0 = Release|Any CPU
		{BDAE1E68-A2AD-4F20-AE51-492AC750903D}.Release|x86.ActiveCfg = Release|Any CPU
		{BDAE1E68-A2AD-4F20-AE51-492AC750903D}.Release|x86.Build.0 = Release|Any CPU
	EndGlobalSection
	GlobalSection(SolutionProperties) = preSolution
		HideSolutionNode = FALSE
	EndGlobalSection
	GlobalSection(NestedProjects) = preSolution
		{BAB37711-D9AD-49C2-8BB5-CCB22ABD2D25} = {827E0CD3-B72D-47B6-A68D-7590B98EB39B}
		{B9044CB1-4186-4D9B-ACF2-56A8FB16BAE8} = {827E0CD3-B72D-47B6-A68D-7590B98EB39B}
		{B3BC3116-6641-405D-8191-F4E7FCFB253B} = {827E0CD3-B72D-47B6-A68D-7590B98EB39B}
		{1EBEA80B-2641-4F9F-BE3A-4E634A17EE04} = {827E0CD3-B72D-47B6-A68D-7590B98EB39B}
		{CD99780E-C0B6-4F2D-95A7-5BB5BC8F323A} = {827E0CD3-B72D-47B6-A68D-7590B98EB39B}
		{248DBC11-4739-4757-ADD1-22B68C399847} = {827E0CD3-B72D-47B6-A68D-7590B98EB39B}
		{9869D2B3-C8E1-4FB6-AA1D-FFCF09C8DC71} = {827E0CD3-B72D-47B6-A68D-7590B98EB39B}
		{BDAE1E68-A2AD-4F20-AE51-492AC750903D} = {827E0CD3-B72D-47B6-A68D-7590B98EB39B}
	EndGlobalSection
EndGlobal
